
Microsoft Visual Studio Solution File, Format Version 12.00
# Visual Studio Version 17
VisualStudioVersion = 17.8.34511.84
MinimumVisualStudioVersion = 10.0.40219.1
Project("{9A19103F-16F7-4668-BE54-9A1E7A4F7556}") = "TestApi", "TestApi\TestApi.csproj", "{103505A0-1907-4DE7-BB67-A9DE6E36B15B}"
EndProject
Project("{FAE04EC0-301F-11D3-BF4B-00C04F79EFBC}") = "TestApi.Tests", "TestApi.Tests\TestApi.Tests.csproj", "{E562D264-E351-4CE8-B6E1-CD0B67F9A921}"
EndProject
Global
	GlobalSection(SolutionConfigurationPlatforms) = preSolution
		Debug|Any CPU = Debug|Any CPU
		Release|Any CPU = Release|Any CPU
	EndGlobalSection
	GlobalSection(ProjectConfigurationPlatforms) = postSolution
		{103505A0-1907-4DE7-BB67-A9DE6E36B15B}.Debug|Any CPU.ActiveCfg = Debug|Any CPU
		{103505A0-1907-4DE7-BB67-A9DE6E36B15B}.Debug|Any CPU.Build.0 = Debug|Any CPU
		{103505A0-1907-4DE7-BB67-A9DE6E36B15B}.Release|Any CPU.ActiveCfg = Release|Any CPU
		{103505A0-1907-4DE7-BB67-A9DE6E36B15B}.Release|Any CPU.Build.0 = Release|Any CPU
		{E562D264-E351-4CE8-B6E1-CD0B67F9A921}.Debug|Any CPU.ActiveCfg = Debug|Any CPU
		{E562D264-E351-4CE8-B6E1-CD0B67F9A921}.Debug|Any CPU.Build.0 = Debug|Any CPU
		{E562D264-E351-4CE8-B6E1-CD0B67F9A921}.Release|Any CPU.ActiveCfg = Release|Any CPU
		{E562D264-E351-4CE8-B6E1-CD0B67F9A921}.Release|Any CPU.Build.0 = Release|Any CPU
	EndGlobalSection
	GlobalSection(SolutionProperties) = preSolution
		HideSolutionNode = FALSE
	EndGlobalSection
	GlobalSection(ExtensibilityGlobals) = postSolution
		SolutionGuid = {5680FDE8-7A9E-4E31-A1CF-BA9569046952}
	EndGlobalSection
EndGlobal
